
Microsoft Visual Studio Solution File, Format Version 12.00
# Visual Studio Version 16
VisualStudioVersion = 16.0.31410.357
MinimumVisualStudioVersion = 10.0.40219.1
Project("{8BC9CEB8-8B4A-11D0-8D11-00A0C91BC942}") = "0201_SqList", "0201_SqList.vcxproj", "{49443341-093F-41F9-B7E1-4704884603D9}"
EndProject
Global
	GlobalSection(SolutionConfigurationPlatforms) = preSolution
		Debug|x64 = Debug|x64
		Debug|x86 = Debug|x86
		Release|x64 = Release|x64
		Release|x86 = Release|x86
	EndGlobalSection
	GlobalSection(ProjectConfigurationPlatforms) = postSolution
		{49443341-093F-41F9-B7E1-4704884603D9}.Debug|x64.ActiveCfg = Debug|x64
		{49443341-093F-41F9-B7E1-4704884603D9}.Debug|x64.Build.0 = Debug|x64
		{49443341-093F-41F9-B7E1-4704884603D9}.Debug|x86.ActiveCfg = Debug|Win32
		{49443341-093F-41F9-B7E1-4704884603D9}.Debug|x86.Build.0 = Debug|Win32
		{49443341-093F-41F9-B7E1-4704884603D9}.Release|x64.ActiveCfg = Release|x64
		{49443341-093F-41F9-B7E1-4704884603D9}.Release|x64.Build.0 = Release|x64
		{49443341-093F-41F9-B7E1-4704884603D9}.Release|x86.ActiveCfg = Release|Win32
		{49443341-093F-41F9-B7E1-4704884603D9}.Release|x86.Build.0 = Release|Win32
	EndGlobalSection
	GlobalSection(SolutionProperties) = preSolution
		HideSolutionNode = FALSE
	EndGlobalSection
	GlobalSection(ExtensibilityGlobals) = postSolution
		SolutionGuid = {50BD0E97-5EB4-4149-B551-DF7D8C463FA2}
	EndGlobalSection
EndGlobal
